
Microsoft Visual Studio Solution File, Format Version 12.00
Project("{FAE04EC0-301F-11D3-BF4B-00C04F79EFBC}") = "GraphQLData", "GraphQLData\GraphQLData.csproj", "{777DBEEA-9410-4815-B692-3FF3C2135FDD}"
EndProject
Project("{FAE04EC0-301F-11D3-BF4B-00C04F79EFBC}") = "UnitTests", "UnitTests\UnitTests.csproj", "{F2DD28DC-3007-43D3-9A71-8F90BB0BAD99}"
EndProject
Global
	GlobalSection(SolutionConfigurationPlatforms) = preSolution
		Debug|Any CPU = Debug|Any CPU
		Release|Any CPU = Release|Any CPU
	EndGlobalSection
	GlobalSection(ProjectConfigurationPlatforms) = postSolution
		{777DBEEA-9410-4815-B692-3FF3C2135FDD}.Debug|Any CPU.ActiveCfg = Debug|Any CPU
		{777DBEEA-9410-4815-B692-3FF3C2135FDD}.Debug|Any CPU.Build.0 = Debug|Any CPU
		{777DBEEA-9410-4815-B692-3FF3C2135FDD}.Release|Any CPU.ActiveCfg = Release|Any CPU
		{777DBEEA-9410-4815-B692-3FF3C2135FDD}.Release|Any CPU.Build.0 = Release|Any CPU
		{F2DD28DC-3007-43D3-9A71-8F90BB0BAD99}.Debug|Any CPU.ActiveCfg = Debug|Any CPU
		{F2DD28DC-3007-43D3-9A71-8F90BB0BAD99}.Debug|Any CPU.Build.0 = Debug|Any CPU
		{F2DD28DC-3007-43D3-9A71-8F90BB0BAD99}.Release|Any CPU.ActiveCfg = Release|Any CPU
		{F2DD28DC-3007-43D3-9A71-8F90BB0BAD99}.Release|Any CPU.Build.0 = Release|Any CPU
	EndGlobalSection
EndGlobal
